
Microsoft Visual Studio Solution File, Format Version 12.00
# Visual Studio Version 16
VisualStudioVersion = 16.0.29230.47
MinimumVisualStudioVersion = 10.0.40219.1
Project("{8BC9CEB8-8B4A-11D0-8D11-00A0C91BC942}") = "MiniProfiler", "MiniProfiler\MiniProfiler.vcxproj", "{3B8CA46E-2E07-4676-8EE2-DB65917AF73B}"
EndProject
Project("{FAE04EC0-301F-11D3-BF4B-00C04F79EFBC}") = "HelloWorld_x64", "HelloWorld_x64\HelloWorld_x64.csproj", "{4403203A-6A38-4053-BF83-C8708F7895A4}"
EndProject
Project("{FAE04EC0-301F-11D3-BF4B-00C04F79EFBC}") = "Launcher", "Launcher\Launcher.csproj", "{8086987A-3E05-4AA5-B997-DD4EEEF026F2}"
	ProjectSection(ProjectDependencies) = postProject
		{4403203A-6A38-4053-BF83-C8708F7895A4} = {4403203A-6A38-4053-BF83-C8708F7895A4}
		{3B8CA46E-2E07-4676-8EE2-DB65917AF73B} = {3B8CA46E-2E07-4676-8EE2-DB65917AF73B}
	EndProjectSection
EndProject
Project("{FAE04EC0-301F-11D3-BF4B-00C04F79EFBC}") = "HelloWorld_x86", "HelloWorld_x86\HelloWorld_x86.csproj", "{1BB46D08-F6FD-47AB-B700-7EAC1D676F51}"
EndProject
Project("{FAE04EC0-301F-11D3-BF4B-00C04F79EFBC}") = "GraphLibrary", "GraphLibrary\GraphLibrary.csproj", "{906FEA96-7B8F-4D82-8AF3-D79CE1EF22EE}"
EndProject
Global
	GlobalSection(SolutionConfigurationPlatforms) = preSolution
		Debug|Any CPU = Debug|Any CPU
		Debug|x64 = Debug|x64
		Debug|x86 = Debug|x86
		Release|Any CPU = Release|Any CPU
		Release|x64 = Release|x64
		Release|x86 = Release|x86
	EndGlobalSection
	GlobalSection(ProjectConfigurationPlatforms) = postSolution
		{3B8CA46E-2E07-4676-8EE2-DB65917AF73B}.Debug|Any CPU.ActiveCfg = Debug|Win32
		{3B8CA46E-2E07-4676-8EE2-DB65917AF73B}.Debug|x64.ActiveCfg = Debug|x64
		{3B8CA46E-2E07-4676-8EE2-DB65917AF73B}.Debug|x64.Build.0 = Debug|x64
		{3B8CA46E-2E07-4676-8EE2-DB65917AF73B}.Debug|x86.ActiveCfg = Debug|Win32
		{3B8CA46E-2E07-4676-8EE2-DB65917AF73B}.Debug|x86.Build.0 = Debug|Win32
		{3B8CA46E-2E07-4676-8EE2-DB65917AF73B}.Release|Any CPU.ActiveCfg = Release|Win32
		{3B8CA46E-2E07-4676-8EE2-DB65917AF73B}.Release|x64.ActiveCfg = Release|x64
		{3B8CA46E-2E07-4676-8EE2-DB65917AF73B}.Release|x64.Build.0 = Release|x64
		{3B8CA46E-2E07-4676-8EE2-DB65917AF73B}.Release|x86.ActiveCfg = Release|Win32
		{3B8CA46E-2E07-4676-8EE2-DB65917AF73B}.Release|x86.Build.0 = Release|Win32
		{4403203A-6A38-4053-BF83-C8708F7895A4}.Debug|Any CPU.ActiveCfg = Debug|Any CPU
		{4403203A-6A38-4053-BF83-C8708F7895A4}.Debug|Any CPU.Build.0 = Debug|Any CPU
		{4403203A-6A38-4053-BF83-C8708F7895A4}.Debug|x64.ActiveCfg = Debug|Any CPU
		{4403203A-6A38-4053-BF83-C8708F7895A4}.Debug|x64.Build.0 = Debug|Any CPU
		{4403203A-6A38-4053-BF83-C8708F7895A4}.Debug|x86.ActiveCfg = Debug|Any CPU
		{4403203A-6A38-4053-BF83-C8708F7895A4}.Debug|x86.Build.0 = Debug|Any CPU
		{4403203A-6A38-4053-BF83-C8708F7895A4}.Release|Any CPU.ActiveCfg = Release|Any CPU
		{4403203A-6A38-4053-BF83-C8708F7895A4}.Release|Any CPU.Build.0 = Release|Any CPU
		{4403203A-6A38-4053-BF83-C8708F7895A4}.Release|x64.ActiveCfg = Release|Any CPU
		{4403203A-6A38-4053-BF83-C8708F7895A4}.Release|x64.Build.0 = Release|Any CPU
		{4403203A-6A38-4053-BF83-C8708F7895A4}.Release|x86.ActiveCfg = Release|Any CPU
		{4403203A-6A38-4053-BF83-C8708F7895A4}.Release|x86.Build.0 = Release|Any CPU
		{8086987A-3E05-4AA5-B997-DD4EEEF026F2}.Debug|Any CPU.ActiveCfg = Debug|Any CPU
		{8086987A-3E05-4AA5-B997-DD4EEEF026F2}.Debug|Any CPU.Build.0 = Debug|Any CPU
		{8086987A-3E05-4AA5-B997-DD4EEEF026F2}.Debug|x64.ActiveCfg = Debug|Any CPU
		{8086987A-3E05-4AA5-B997-DD4EEEF026F2}.Debug|x64.Build.0 = Debug|Any CPU
		{8086987A-3E05-4AA5-B997-DD4EEEF026F2}.Debug|x86.ActiveCfg = Debug|Any CPU
		{8086987A-3E05-4AA5-B997-DD4EEEF026F2}.Debug|x86.Build.0 = Debug|Any CPU
		{8086987A-3E05-4AA5-B997-DD4EEEF026F2}.Release|Any CPU.ActiveCfg = Release|Any CPU
		{8086987A-3E05-4AA5-B997-DD4EEEF026F2}.Release|Any CPU.Build.0 = Release|Any CPU
		{8086987A-3E05-4AA5-B997-DD4EEEF026F2}.Release|x64.ActiveCfg = Release|Any CPU
		{8086987A-3E05-4AA5-B997-DD4EEEF026F2}.Release|x64.Build.0 = Release|Any CPU
		{8086987A-3E05-4AA5-B997-DD4EEEF026F2}.Release|x86.ActiveCfg = Release|Any CPU
		{8086987A-3E05-4AA5-B997-DD4EEEF026F2}.Release|x86.Build.0 = Release|Any CPU
		{1BB46D08-F6FD-47AB-B700-7EAC1D676F51}.Debug|Any CPU.ActiveCfg = Debug|Any CPU
		{1BB46D08-F6FD-47AB-B700-7EAC1D676F51}.Debug|Any CPU.Build.0 = Debug|Any CPU
		{1BB46D08-F6FD-47AB-B700-7EAC1D676F51}.Debug|x64.ActiveCfg = Debug|Any CPU
		{1BB46D08-F6FD-47AB-B700-7EAC1D676F51}.Debug|x64.Build.0 = Debug|Any CPU
		{1BB46D08-F6FD-47AB-B700-7EAC1D676F51}.Debug|x86.ActiveCfg = Debug|Any CPU
		{1BB46D08-F6FD-47AB-B700-7EAC1D676F51}.Debug|x86.Build.0 = Debug|Any CPU
		{1BB46D08-F6FD-47AB-B700-7EAC1D676F51}.Release|Any CPU.ActiveCfg = Release|Any CPU
		{1BB46D08-F6FD-47AB-B700-7EAC1D676F51}.Release|Any CPU.Build.0 = Release|Any CPU
		{1BB46D08-F6FD-47AB-B700-7EAC1D676F51}.Release|x64.ActiveCfg = Release|Any CPU
		{1BB46D08-F6FD-47AB-B700-7EAC1D676F51}.Release|x64.Build.0 = Release|Any CPU
		{1BB46D08-F6FD-47AB-B700-7EAC1D676F51}.Release|x86.ActiveCfg = Release|Any CPU
		{1BB46D08-F6FD-47AB-B700-7EAC1D676F51}.Release|x86.Build.0 = Release|Any CPU
		{906FEA96-7B8F-4D82-8AF3-D79CE1EF22EE}.Debug|Any CPU.ActiveCfg = Debug|Any CPU
		{906FEA96-7B8F-4D82-8AF3-D79CE1EF22EE}.Debug|Any CPU.Build.0 = Debug|Any CPU
		{906FEA96-7B8F-4D82-8AF3-D79CE1EF22EE}.Debug|x64.ActiveCfg = Debug|Any CPU
		{906FEA96-7B8F-4D82-8AF3-D79CE1EF22EE}.Debug|x64.Build.0 = Debug|Any CPU
		{906FEA96-7B8F-4D82-8AF3-D79CE1EF22EE}.Debug|x86.ActiveCfg = Debug|Any CPU
		{906FEA96-7B8F-4D82-8AF3-D79CE1EF22EE}.Debug|x86.Build.0 = Debug|Any CPU
		{906FEA96-7B8F-4D82-8AF3-D79CE1EF22EE}.Release|Any CPU.ActiveCfg = Release|Any CPU
		{906FEA96-7B8F-4D82-8AF3-D79CE1EF22EE}.Release|Any CPU.Build.0 = Release|Any CPU
		{906FEA96-7B8F-4D82-8AF3-D79CE1EF22EE}.Release|x64.ActiveCfg = Release|Any CPU
		{906FEA96-7B8F-4D82-8AF3-D79CE1EF22EE}.Release|x64.Build.0 = Release|Any CPU
		{906FEA96-7B8F-4D82-8AF3-D79CE1EF22EE}.Release|x86.ActiveCfg = Release|Any CPU
		{906FEA96-7B8F-4D82-8AF3-D79CE1EF22EE}.Release|x86.Build.0 = Release|Any CPU
	EndGlobalSection
	GlobalSection(SolutionProperties) = preSolution
		HideSolutionNode = FALSE
	EndGlobalSection
	GlobalSection(ExtensibilityGlobals) = postSolution
		SolutionGuid = {73916DC4-F289-4F8C-95FC-1CAB0BACE660}
	EndGlobalSection
EndGlobal
