<?xml version="1.0" encoding="utf-8"?>
<Project ToolsVersion="4.0" xmlns="http://schemas.microsoft.com/developer/msbuild/2003">
  <ItemGroup>
    <Filter Include="Source Files">
      <UniqueIdentifier>{4FC737F1-C7A5-4376-A066-2A32D752A2FF}</UniqueIdentifier>
      <Extensions>cpp;c;cc;cxx;def;odl;idl;hpj;bat;asm;asmx</Extensions>
    </Filter>
    <Filter Include="Header Files">
      <UniqueIdentifier>{93995380-89BD-4b04-88EB-625FBE52EBFB}</UniqueIdentifier>
      <Extensions>h;hh;hpp;hxx;hm;inl;inc;ipp;xsd</Extensions>
    </Filter>
    <Filter Include="Resource Files">
      <UniqueIdentifier>{67DA6AB6-F800-4c08-8B7A-83BB121AAD01}</UniqueIdentifier>
      <Extensions>rc;ico;cur;bmp;dlg;rc2;rct;bin;rgs;gif;jpg;jpeg;jpe;resx;tiff;tif;png;wav;mfcribbon-ms</Extensions>
    </Filter>
    <Filter Include="Common">
      <UniqueIdentifier>{240065ff-b6d3-428e-96f4-186aad8e33fe}</UniqueIdentifier>
    </Filter>
    <Filter Include="Tests">
      <UniqueIdentifier>{0c0cbcba-decb-4df5-85ac-8049decf4fa1}</UniqueIdentifier>
    </Filter>
  </ItemGroup>
  <ItemGroup>
    <ClInclude Include="framework.h">
      <Filter>Header Files</Filter>
    </ClInclude>
    <ClInclude Include="pch.h">
      <Filter>Header Files</Filter>
    </ClInclude>
    <ClInclude Include="ClassFactory.h">
      <Filter>Header Files</Filter>
    </ClInclude>
    <ClInclude Include="Profiler.h">
      <Filter>Header Files</Filter>
    </ClInclude>
    <ClInclude Include="Common\Exception.h">
      <Filter>Common</Filter>
    </ClInclude>
    <ClInclude Include="Common\IOutputStream.h">
      <Filter>Common</Filter>
    </ClInclude>
    <ClInclude Include="Common\OutputFileStream.h">
      <Filter>Common</Filter>
    </ClInclude>
    <ClInclude Include="Common\TextFileWriter.h">
      <Filter>Common</Filter>
    </ClInclude>
    <ClInclude Include="Common\Encodings.h">
      <Filter>Common</Filter>
    </ClInclude>
    <ClInclude Include="Common\DataTypes.h">
      <Filter>Common</Filter>
    </ClInclude>
    <ClInclude Include="Common\IInputStream.h">
      <Filter>Common</Filter>
    </ClInclude>
    <ClInclude Include="ProfilerApi.h">
      <Filter>Header Files</Filter>
    </ClInclude>
    <ClInclude Include="Common\FilePath.h">
      <Filter>Common</Filter>
    </ClInclude>
    <ClInclude Include="CallStackTests.h">
      <Filter>Tests</Filter>
    </ClInclude>
    <ClInclude Include="Common\BinaryWriter.h">
      <Filter>Common</Filter>
    </ClInclude>
    <ClInclude Include="CallGraphExporter.h">
      <Filter>Header Files</Filter>
    </ClInclude>
    <ClInclude Include="Common\BinaryTools.h">
      <Filter>Common</Filter>
    </ClInclude>
    <ClInclude Include="Callbacks.h">
      <Filter>Header Files</Filter>
    </ClInclude>
    <ClInclude Include="Common\Environment.h">
      <Filter>Common</Filter>
    </ClInclude>
  </ItemGroup>
  <ItemGroup>
    <ClCompile Include="dllmain.cpp">
      <Filter>Source Files</Filter>
    </ClCompile>
    <ClCompile Include="pch.cpp">
      <Filter>Source Files</Filter>
    </ClCompile>
    <ClCompile Include="ClassFactory.cpp">
      <Filter>Source Files</Filter>
    </ClCompile>
    <ClCompile Include="Profiler.cpp">
      <Filter>Source Files</Filter>
    </ClCompile>
    <ClCompile Include="Common\Exception.cpp">
      <Filter>Common</Filter>
    </ClCompile>
    <ClCompile Include="Common\OutputFileStream.cpp">
      <Filter>Common</Filter>
    </ClCompile>
    <ClCompile Include="Common\TextFileWriter.cpp">
      <Filter>Common</Filter>
    </ClCompile>
    <ClCompile Include="Common\Encodings.cpp">
      <Filter>Common</Filter>
    </ClCompile>
    <ClCompile Include="ProfilerApi.cpp">
      <Filter>Source Files</Filter>
    </ClCompile>
    <ClCompile Include="Common\FilePath.cpp">
      <Filter>Common</Filter>
    </ClCompile>
    <ClCompile Include="CallStackTests.cpp">
      <Filter>Tests</Filter>
    </ClCompile>
    <ClCompile Include="Common\BinaryWriter.cpp">
      <Filter>Common</Filter>
    </ClCompile>
    <ClCompile Include="CallGraphExporter.cpp">
      <Filter>Source Files</Filter>
    </ClCompile>
    <ClCompile Include="Common\BinaryTools.cpp">
      <Filter>Common</Filter>
    </ClCompile>
    <ClCompile Include="Hooks_x86.cpp">
      <Filter>Source Files</Filter>
    </ClCompile>
    <ClCompile Include="Callbacks.cpp">
      <Filter>Source Files</Filter>
    </ClCompile>
    <ClCompile Include="Hooks_x86_old.cpp">
      <Filter>Source Files</Filter>
    </ClCompile>
    <ClCompile Include="Common\Environment.cpp">
      <Filter>Common</Filter>
    </ClCompile>
  </ItemGroup>
  <ItemGroup>
    <None Include="MiniProfiler_x64.def">
      <Filter>Source Files</Filter>
    </None>
    <None Include="MiniProfiler_x86.def">
      <Filter>Source Files</Filter>
    </None>
  </ItemGroup>
</Project>